
Microsoft Visual Studio Solution File, Format Version 12.00
# Visual Studio Version 17
VisualStudioVersion = 17.3.32929.385
MinimumVisualStudioVersion = 10.0.40219.1
Project("{9A19103F-16F7-4668-BE54-9A1E7A4F7556}") = "WebAPI", "WebAPI\WebAPI.csproj", "{9C0C225B-A3C1-49AC-8A60-3A565823E908}"
EndProject
Project("{9A19103F-16F7-4668-BE54-9A1E7A4F7556}") = "Domain", "Domain\Domain.csproj", "{DB4523B9-64AA-49AA-80FF-4F1DA60C4C5E}"
EndProject
Project("{9A19103F-16F7-4668-BE54-9A1E7A4F7556}") = "InfrastructureInMemory", "Infrastructure\InfrastructureInMemory.csproj", "{A67EA1D3-B15B-44A1-9EC5-F928957C6A3C}"
EndProject
Project("{9A19103F-16F7-4668-BE54-9A1E7A4F7556}") = "Application", "Application\Application.csproj", "{B051D56E-276F-49E1-BAC6-DEA7FF32BD03}"
EndProject
Project("{2150E333-8FDC-42A3-9474-1A3956D46DE8}") = "Test", "Test", "{5CC1D75A-7A8E-4BA1-805E-AA2EFE12CE3D}"
EndProject
Project("{FAE04EC0-301F-11D3-BF4B-00C04F79EFBC}") = "WebAPITest", "WebAPITest\WebAPITest.csproj", "{C21FF930-185F-4A74-B564-15DE936AA2BF}"
EndProject
Global
	GlobalSection(SolutionConfigurationPlatforms) = preSolution
		Debug|Any CPU = Debug|Any CPU
		Release|Any CPU = Release|Any CPU
	EndGlobalSection
	GlobalSection(ProjectConfigurationPlatforms) = postSolution
		{9C0C225B-A3C1-49AC-8A60-3A565823E908}.Debug|Any CPU.ActiveCfg = Debug|Any CPU
		{9C0C225B-A3C1-49AC-8A60-3A565823E908}.Debug|Any CPU.Build.0 = Debug|Any CPU
		{9C0C225B-A3C1-49AC-8A60-3A565823E908}.Release|Any CPU.ActiveCfg = Release|Any CPU
		{9C0C225B-A3C1-49AC-8A60-3A565823E908}.Release|Any CPU.Build.0 = Release|Any CPU
		{DB4523B9-64AA-49AA-80FF-4F1DA60C4C5E}.Debug|Any CPU.ActiveCfg = Debug|Any CPU
		{DB4523B9-64AA-49AA-80FF-4F1DA60C4C5E}.Debug|Any CPU.Build.0 = Debug|Any CPU
		{DB4523B9-64AA-49AA-80FF-4F1DA60C4C5E}.Release|Any CPU.ActiveCfg = Release|Any CPU
		{DB4523B9-64AA-49AA-80FF-4F1DA60C4C5E}.Release|Any CPU.Build.0 = Release|Any CPU
		{A67EA1D3-B15B-44A1-9EC5-F928957C6A3C}.Debug|Any CPU.ActiveCfg = Debug|Any CPU
		{A67EA1D3-B15B-44A1-9EC5-F928957C6A3C}.Debug|Any CPU.Build.0 = Debug|Any CPU
		{A67EA1D3-B15B-44A1-9EC5-F928957C6A3C}.Release|Any CPU.ActiveCfg = Release|Any CPU
		{A67EA1D3-B15B-44A1-9EC5-F928957C6A3C}.Release|Any CPU.Build.0 = Release|Any CPU
		{B051D56E-276F-49E1-BAC6-DEA7FF32BD03}.Debug|Any CPU.ActiveCfg = Debug|Any CPU
		{B051D56E-276F-49E1-BAC6-DEA7FF32BD03}.Debug|Any CPU.Build.0 = Debug|Any CPU
		{B051D56E-276F-49E1-BAC6-DEA7FF32BD03}.Release|Any CPU.ActiveCfg = Release|Any CPU
		{B051D56E-276F-49E1-BAC6-DEA7FF32BD03}.Release|Any CPU.Build.0 = Release|Any CPU
		{C21FF930-185F-4A74-B564-15DE936AA2BF}.Debug|Any CPU.ActiveCfg = Debug|Any CPU
		{C21FF930-185F-4A74-B564-15DE936AA2BF}.Debug|Any CPU.Build.0 = Debug|Any CPU
		{C21FF930-185F-4A74-B564-15DE936AA2BF}.Release|Any CPU.ActiveCfg = Release|Any CPU
		{C21FF930-185F-4A74-B564-15DE936AA2BF}.Release|Any CPU.Build.0 = Release|Any CPU
	EndGlobalSection
	GlobalSection(SolutionProperties) = preSolution
		HideSolutionNode = FALSE
	EndGlobalSection
	GlobalSection(NestedProjects) = preSolution
		{C21FF930-185F-4A74-B564-15DE936AA2BF} = {5CC1D75A-7A8E-4BA1-805E-AA2EFE12CE3D}
	EndGlobalSection
	GlobalSection(ExtensibilityGlobals) = postSolution
		SolutionGuid = {A3A865E3-06C1-456C-899A-65B7E526AC65}
	EndGlobalSection
EndGlobal
